
Microsoft Visual Studio Solution File, Format Version 12.00
# Visual Studio Version 17
VisualStudioVersion = 17.5.33516.290
MinimumVisualStudioVersion = 10.0.40219.1
Project("{FAE04EC0-301F-11D3-BF4B-00C04F79EFBC}") = "S1640", "S1640.csproj", "{F56B569C-8D3D-415F-AE6D-BDC3429F179A}"
EndProject
Global
	GlobalSection(SolutionConfigurationPlatforms) = preSolution
		Debug|Any CPU = Debug|Any CPU
		Release|Any CPU = Release|Any CPU
	EndGlobalSection
	GlobalSection(ProjectConfigurationPlatforms) = postSolution
		{F56B569C-8D3D-415F-AE6D-BDC3429F179A}.Debug|Any CPU.ActiveCfg = Debug|Any CPU
		{F56B569C-8D3D-415F-AE6D-BDC3429F179A}.Debug|Any CPU.Build.0 = Debug|Any CPU
		{F56B569C-8D3D-415F-AE6D-BDC3429F179A}.Release|Any CPU.ActiveCfg = Release|Any CPU
		{F56B569C-8D3D-415F-AE6D-BDC3429F179A}.Release|Any CPU.Build.0 = Release|Any CPU
	EndGlobalSection
	GlobalSection(SolutionProperties) = preSolution
		HideSolutionNode = FALSE
	EndGlobalSection
	GlobalSection(ExtensibilityGlobals) = postSolution
		SolutionGuid = {988B7B86-9884-4EBB-890D-0B802E12C21D}
	EndGlobalSection
EndGlobal
